
Microsoft Visual Studio Solution File, Format Version 12.00
# Visual Studio Version 17
VisualStudioVersion = 17.6.33723.286
MinimumVisualStudioVersion = 10.0.40219.1
Project("{FAE04EC0-301F-11D3-BF4B-00C04F79EFBC}") = "ConsoleAppCSharp", "ConsoleAppCSharp\ConsoleAppCSharp.csproj", "{3BD90DFF-399D-4678-B665-6AD3D6C84B14}"
EndProject
Global
	GlobalSection(SolutionConfigurationPlatforms) = preSolution
		Debug|Any CPU = Debug|Any CPU
		Release|Any CPU = Release|Any CPU
	EndGlobalSection
	GlobalSection(ProjectConfigurationPlatforms) = postSolution
		{3BD90DFF-399D-4678-B665-6AD3D6C84B14}.Debug|Any CPU.ActiveCfg = Debug|Any CPU
		{3BD90DFF-399D-4678-B665-6AD3D6C84B14}.Debug|Any CPU.Build.0 = Debug|Any CPU
		{3BD90DFF-399D-4678-B665-6AD3D6C84B14}.Release|Any CPU.ActiveCfg = Release|Any CPU
		{3BD90DFF-399D-4678-B665-6AD3D6C84B14}.Release|Any CPU.Build.0 = Release|Any CPU
	EndGlobalSection
	GlobalSection(SolutionProperties) = preSolution
		HideSolutionNode = FALSE
	EndGlobalSection
	GlobalSection(ExtensibilityGlobals) = postSolution
		SolutionGuid = {4FF54447-F07E-4D96-9435-AF93F162071F}
	EndGlobalSection
EndGlobal
